
Microsoft Visual Studio Solution File, Format Version 12.00
# Visual Studio Version 17
VisualStudioVersion = 17.5.002.0
MinimumVisualStudioVersion = 10.0.40219.1
Project("{9A19103F-16F7-4668-BE54-9A1E7A4F7556}") = "ToDoList", "ToDoList.csproj", "{38707035-EEFC-48A9-86BB-7A47CD71C489}"
EndProject
Global
	GlobalSection(SolutionConfigurationPlatforms) = preSolution
		Debug|Any CPU = Debug|Any CPU
		Release|Any CPU = Release|Any CPU
	EndGlobalSection
	GlobalSection(ProjectConfigurationPlatforms) = postSolution
		{38707035-EEFC-48A9-86BB-7A47CD71C489}.Debug|Any CPU.ActiveCfg = Debug|Any CPU
		{38707035-EEFC-48A9-86BB-7A47CD71C489}.Debug|Any CPU.Build.0 = Debug|Any CPU
		{38707035-EEFC-48A9-86BB-7A47CD71C489}.Release|Any CPU.ActiveCfg = Release|Any CPU
		{38707035-EEFC-48A9-86BB-7A47CD71C489}.Release|Any CPU.Build.0 = Release|Any CPU
	EndGlobalSection
	GlobalSection(SolutionProperties) = preSolution
		HideSolutionNode = FALSE
	EndGlobalSection
	GlobalSection(ExtensibilityGlobals) = postSolution
		SolutionGuid = {A1D5E428-C9CE-494E-A363-3671A8B838C4}
	EndGlobalSection
EndGlobal
